
Microsoft Visual Studio Solution File, Format Version 12.00
# Visual Studio Version 17
VisualStudioVersion = 17.6.33815.320
MinimumVisualStudioVersion = 10.0.40219.1
Project("{9A19103F-16F7-4668-BE54-9A1E7A4F7556}") = "test", "test\test.csproj", "{6849242A-0D33-474B-9824-93337A7CE690}"
EndProject
Global
	GlobalSection(SolutionConfigurationPlatforms) = preSolution
		Debug|Any CPU = Debug|Any CPU
		Release|Any CPU = Release|Any CPU
	EndGlobalSection
	GlobalSection(ProjectConfigurationPlatforms) = postSolution
		{6849242A-0D33-474B-9824-93337A7CE690}.Debug|Any CPU.ActiveCfg = Debug|Any CPU
		{6849242A-0D33-474B-9824-93337A7CE690}.Debug|Any CPU.Build.0 = Debug|Any CPU
		{6849242A-0D33-474B-9824-93337A7CE690}.Release|Any CPU.ActiveCfg = Release|Any CPU
		{6849242A-0D33-474B-9824-93337A7CE690}.Release|Any CPU.Build.0 = Release|Any CPU
	EndGlobalSection
	GlobalSection(SolutionProperties) = preSolution
		HideSolutionNode = FALSE
	EndGlobalSection
	GlobalSection(ExtensibilityGlobals) = postSolution
		SolutionGuid = {1D1A2A86-CEAF-47C4-A841-10944E96E069}
	EndGlobalSection
EndGlobal
